// !$*UTF8*$!
{
	archiveVersion = 1;
	classes = {
	};
	objectVersion = 52;
	objects = {

/* Begin PBXBuildFile section */
		3A2B619924A895C5004E7413 /* WidgetKit.framework in Frameworks */ = {isa = PBXBuildFile; fileRef = 3A2B619824A895C5004E7413 /* WidgetKit.framework */; };
		3A2B619B24A895C5004E7413 /* SwiftUI.framework in Frameworks */ = {isa = PBXBuildFile; fileRef = 3A2B619A24A895C5004E7413 /* SwiftUI.framework */; };
		3A2B619E24A895C5004E7413 /* TodayCheckIn.swift in Sources */ = {isa = PBXBuildFile; fileRef = 3A2B619D24A895C5004E7413 /* TodayCheckIn.swift */; };
		3A2B61A024A895C6004E7413 /* Assets.xcassets in Resources */ = {isa = PBXBuildFile; fileRef = 3A2B619F24A895C6004E7413 /* Assets.xcassets */; };
		3A2B61A424A895C6004E7413 /* TodayCheckInExtension.appex in Embed App Extensions */ = {isa = PBXBuildFile; fileRef = 3A2B619624A895C5004E7413 /* TodayCheckInExtension.appex */; settings = {ATTRIBUTES = (RemoveHeadersOnCopy, ); }; };
		3A2B61A924A897CA004E7413 /* Ban.swift in Sources */ = {isa = PBXBuildFile; fileRef = 63332EE123DFF726000D7E24 /* Ban.swift */; };
		3A2B61AB24A89A97004E7413 /* CoreData+App.swift in Sources */ = {isa = PBXBuildFile; fileRef = 3A2B61AA24A89A97004E7413 /* CoreData+App.swift */; };
		3A2B61AC24A89AE0004E7413 /* Ban.xcdatamodeld in Sources */ = {isa = PBXBuildFile; fileRef = 63332EE323DFF8AE000D7E24 /* Ban.xcdatamodeld */; };
		3A2B61AD24A89AE3004E7413 /* CoreData+App.swift in Sources */ = {isa = PBXBuildFile; fileRef = 3A2B61AA24A89A97004E7413 /* CoreData+App.swift */; };
		3A2B61AE24A89B34004E7413 /* Constant.swift in Sources */ = {isa = PBXBuildFile; fileRef = 63FE01EB24A0541B00E32599 /* Constant.swift */; };
		3A2B61AF24A89BAB004E7413 /* Host.swift in Sources */ = {isa = PBXBuildFile; fileRef = 63E87D6824013FA00037109E /* Host.swift */; };
		3A2B61B124A89BDC004E7413 /* SwiftSoup in Frameworks */ = {isa = PBXBuildFile; productRef = 3A2B61B024A89BDC004E7413 /* SwiftSoup */; };
		63332ECB23DFF6B2000D7E24 /* AppDelegate.swift in Sources */ = {isa = PBXBuildFile; fileRef = 63332ECA23DFF6B2000D7E24 /* AppDelegate.swift */; };
		63332ECD23DFF6B2000D7E24 /* SceneDelegate.swift in Sources */ = {isa = PBXBuildFile; fileRef = 63332ECC23DFF6B2000D7E24 /* SceneDelegate.swift */; };
		63332ECF23DFF6B2000D7E24 /* ContentView.swift in Sources */ = {isa = PBXBuildFile; fileRef = 63332ECE23DFF6B2000D7E24 /* ContentView.swift */; };
		63332ED123DFF6B5000D7E24 /* Assets.xcassets in Resources */ = {isa = PBXBuildFile; fileRef = 63332ED023DFF6B5000D7E24 /* Assets.xcassets */; };
		63332ED423DFF6B5000D7E24 /* Preview Assets.xcassets in Resources */ = {isa = PBXBuildFile; fileRef = 63332ED323DFF6B5000D7E24 /* Preview Assets.xcassets */; };
		63332ED723DFF6B5000D7E24 /* LaunchScreen.storyboard in Resources */ = {isa = PBXBuildFile; fileRef = 63332ED523DFF6B5000D7E24 /* LaunchScreen.storyboard */; };
		63332EE023DFF706000D7E24 /* SwiftSoup in Frameworks */ = {isa = PBXBuildFile; productRef = 63332EDF23DFF706000D7E24 /* SwiftSoup */; };
		63332EE223DFF726000D7E24 /* Ban.swift in Sources */ = {isa = PBXBuildFile; fileRef = 63332EE123DFF726000D7E24 /* Ban.swift */; };
		63332EE523DFF8AE000D7E24 /* Ban.xcdatamodeld in Sources */ = {isa = PBXBuildFile; fileRef = 63332EE323DFF8AE000D7E24 /* Ban.xcdatamodeld */; };
		6337905B23E03EF1001A91D8 /* SettingView.swift in Sources */ = {isa = PBXBuildFile; fileRef = 6337905A23E03EF1001A91D8 /* SettingView.swift */; };
		6337905D23E045E2001A91D8 /* LeftRightView.swift in Sources */ = {isa = PBXBuildFile; fileRef = 6337905C23E045E2001A91D8 /* LeftRightView.swift */; };
		6337905F23E14E85001A91D8 /* InputView.swift in Sources */ = {isa = PBXBuildFile; fileRef = 6337905E23E14E85001A91D8 /* InputView.swift */; };
		636C94032544141C000C5BC2 /* SnapReward.swift in Sources */ = {isa = PBXBuildFile; fileRef = 63AEBB4C24B1836900ADD82E /* SnapReward.swift */; };
		63AEBB4D24B1836900ADD82E /* SnapReward.swift in Sources */ = {isa = PBXBuildFile; fileRef = 63AEBB4C24B1836900ADD82E /* SnapReward.swift */; };
		63B473E52487A82A00D490D4 /* PWMD5.swift in Sources */ = {isa = PBXBuildFile; fileRef = 63B473E42487A82A00D490D4 /* PWMD5.swift */; };
		63B473F0248F5F6900D490D4 /* HostsView.swift in Sources */ = {isa = PBXBuildFile; fileRef = 63B473EF248F5F6900D490D4 /* HostsView.swift */; };
		63E87D6924013FA00037109E /* Host.swift in Sources */ = {isa = PBXBuildFile; fileRef = 63E87D6824013FA00037109E /* Host.swift */; };
		63FE01EC24A0541B00E32599 /* Constant.swift in Sources */ = {isa = PBXBuildFile; fileRef = 63FE01EB24A0541B00E32599 /* Constant.swift */; };
/* End PBXBuildFile section */

/* Begin PBXContainerItemProxy section */
		3A2B61A224A895C6004E7413 /* PBXContainerItemProxy */ = {
			isa = PBXContainerItemProxy;
			containerPortal = 63332EBF23DFF6B2000D7E24 /* Project object */;
			proxyType = 1;
			remoteGlobalIDString = 3A2B619524A895C5004E7413;
			remoteInfo = TodayCheckInExtension;
		};
/* End PBXContainerItemProxy section */

/* Begin PBXCopyFilesBuildPhase section */
		3A2B61A524A895C6004E7413 /* Embed App Extensions */ = {
			isa = PBXCopyFilesBuildPhase;
			buildActionMask = 2147483647;
			dstPath = "";
			dstSubfolderSpec = 13;
			files = (
				3A2B61A424A895C6004E7413 /* TodayCheckInExtension.appex in Embed App Extensions */,
			);
			name = "Embed App Extensions";
			runOnlyForDeploymentPostprocessing = 0;
		};
/* End PBXCopyFilesBuildPhase section */

/* Begin PBXFileReference section */
		3A2B619624A895C5004E7413 /* TodayCheckInExtension.appex */ = {isa = PBXFileReference; explicitFileType = "wrapper.app-extension"; includeInIndex = 0; path = TodayCheckInExtension.appex; sourceTree = BUILT_PRODUCTS_DIR; };
		3A2B619824A895C5004E7413 /* WidgetKit.framework */ = {isa = PBXFileReference; lastKnownFileType = wrapper.framework; name = WidgetKit.framework; path = System/Library/Frameworks/WidgetKit.framework; sourceTree = SDKROOT; };
		3A2B619A24A895C5004E7413 /* SwiftUI.framework */ = {isa = PBXFileReference; lastKnownFileType = wrapper.framework; name = SwiftUI.framework; path = System/Library/Frameworks/SwiftUI.framework; sourceTree = SDKROOT; };
		3A2B619D24A895C5004E7413 /* TodayCheckIn.swift */ = {isa = PBXFileReference; lastKnownFileType = sourcecode.swift; path = TodayCheckIn.swift; sourceTree = "<group>"; };
		3A2B619F24A895C6004E7413 /* Assets.xcassets */ = {isa = PBXFileReference; lastKnownFileType = folder.assetcatalog; path = Assets.xcassets; sourceTree = "<group>"; };
		3A2B61A124A895C6004E7413 /* Info.plist */ = {isa = PBXFileReference; lastKnownFileType = text.plist.xml; path = Info.plist; sourceTree = "<group>"; };
		3A2B61AA24A89A97004E7413 /* CoreData+App.swift */ = {isa = PBXFileReference; lastKnownFileType = sourcecode.swift; path = "CoreData+App.swift"; sourceTree = "<group>"; };
		3A2B61B224A89EF4004E7413 /* 杏吧签到.entitlements */ = {isa = PBXFileReference; lastKnownFileType = text.plist.entitlements; path = "杏吧签到.entitlements"; sourceTree = "<group>"; };
		3A2B61B324A89F24004E7413 /* TodayCheckInExtension.entitlements */ = {isa = PBXFileReference; lastKnownFileType = text.plist.entitlements; path = TodayCheckInExtension.entitlements; sourceTree = "<group>"; };
		63332EC723DFF6B2000D7E24 /* 杏吧签到.app */ = {isa = PBXFileReference; explicitFileType = wrapper.application; includeInIndex = 0; path = "杏吧签到.app"; sourceTree = BUILT_PRODUCTS_DIR; };
		63332ECA23DFF6B2000D7E24 /* AppDelegate.swift */ = {isa = PBXFileReference; lastKnownFileType = sourcecode.swift; path = AppDelegate.swift; sourceTree = "<group>"; };
		63332ECC23DFF6B2000D7E24 /* SceneDelegate.swift */ = {isa = PBXFileReference; lastKnownFileType = sourcecode.swift; path = SceneDelegate.swift; sourceTree = "<group>"; };
		63332ECE23DFF6B2000D7E24 /* ContentView.swift */ = {isa = PBXFileReference; lastKnownFileType = sourcecode.swift; path = ContentView.swift; sourceTree = "<group>"; };
		63332ED023DFF6B5000D7E24 /* Assets.xcassets */ = {isa = PBXFileReference; lastKnownFileType = folder.assetcatalog; path = Assets.xcassets; sourceTree = "<group>"; };
		63332ED323DFF6B5000D7E24 /* Preview Assets.xcassets */ = {isa = PBXFileReference; lastKnownFileType = folder.assetcatalog; path = "Preview Assets.xcassets"; sourceTree = "<group>"; };
		63332ED623DFF6B5000D7E24 /* Base */ = {isa = PBXFileReference; lastKnownFileType = file.storyboard; name = Base; path = Base.lproj/LaunchScreen.storyboard; sourceTree = "<group>"; };
		63332ED823DFF6B5000D7E24 /* Info.plist */ = {isa = PBXFileReference; lastKnownFileType = text.plist.xml; path = Info.plist; sourceTree = "<group>"; };
		63332EE123DFF726000D7E24 /* Ban.swift */ = {isa = PBXFileReference; lastKnownFileType = sourcecode.swift; path = Ban.swift; sourceTree = "<group>"; };
		63332EE423DFF8AE000D7E24 /* Ban.xcdatamodel */ = {isa = PBXFileReference; lastKnownFileType = wrapper.xcdatamodel; path = Ban.xcdatamodel; sourceTree = "<group>"; };
		6337905A23E03EF1001A91D8 /* SettingView.swift */ = {isa = PBXFileReference; lastKnownFileType = sourcecode.swift; path = SettingView.swift; sourceTree = "<group>"; };
		6337905C23E045E2001A91D8 /* LeftRightView.swift */ = {isa = PBXFileReference; lastKnownFileType = sourcecode.swift; path = LeftRightView.swift; sourceTree = "<group>"; };
		6337905E23E14E85001A91D8 /* InputView.swift */ = {isa = PBXFileReference; lastKnownFileType = sourcecode.swift; path = InputView.swift; sourceTree = "<group>"; };
		63AEBB4B24B182BC00ADD82E /* Ban-Reward.xcdatamodel */ = {isa = PBXFileReference; lastKnownFileType = wrapper.xcdatamodel; path = "Ban-Reward.xcdatamodel"; sourceTree = "<group>"; };
		63AEBB4C24B1836900ADD82E /* SnapReward.swift */ = {isa = PBXFileReference; lastKnownFileType = sourcecode.swift; path = SnapReward.swift; sourceTree = "<group>"; };
		63B473E42487A82A00D490D4 /* PWMD5.swift */ = {isa = PBXFileReference; lastKnownFileType = sourcecode.swift; path = PWMD5.swift; sourceTree = "<group>"; };
		63B473EF248F5F6900D490D4 /* HostsView.swift */ = {isa = PBXFileReference; lastKnownFileType = sourcecode.swift; path = HostsView.swift; sourceTree = "<group>"; };
		63E87D6824013FA00037109E /* Host.swift */ = {isa = PBXFileReference; lastKnownFileType = sourcecode.swift; path = Host.swift; sourceTree = "<group>"; };
		63FE01EB24A0541B00E32599 /* Constant.swift */ = {isa = PBXFileReference; lastKnownFileType = sourcecode.swift; path = Constant.swift; sourceTree = "<group>"; };
/* End PBXFileReference section */

/* Begin PBXFrameworksBuildPhase section */
		3A2B619324A895C5004E7413 /* Frameworks */ = {
			isa = PBXFrameworksBuildPhase;
			buildActionMask = 2147483647;
			files = (
				3A2B619B24A895C5004E7413 /* SwiftUI.framework in Frameworks */,
				3A2B619924A895C5004E7413 /* WidgetKit.framework in Frameworks */,
				3A2B61B124A89BDC004E7413 /* SwiftSoup in Frameworks */,
			);
			runOnlyForDeploymentPostprocessing = 0;
		};
		63332EC423DFF6B2000D7E24 /* Frameworks */ = {
			isa = PBXFrameworksBuildPhase;
			buildActionMask = 2147483647;
			files = (
				63332EE023DFF706000D7E24 /* SwiftSoup in Frameworks */,
			);
			runOnlyForDeploymentPostprocessing = 0;
		};
/* End PBXFrameworksBuildPhase section */

/* Begin PBXGroup section */
		3A2B619724A895C5004E7413 /* Frameworks */ = {
			isa = PBXGroup;
			children = (
				3A2B619824A895C5004E7413 /* WidgetKit.framework */,
				3A2B619A24A895C5004E7413 /* SwiftUI.framework */,
			);
			name = Frameworks;
			sourceTree = "<group>";
		};
		3A2B619C24A895C5004E7413 /* TodayCheckIn */ = {
			isa = PBXGroup;
			children = (
				3A2B619D24A895C5004E7413 /* TodayCheckIn.swift */,
				3A2B619F24A895C6004E7413 /* Assets.xcassets */,
				3A2B61A124A895C6004E7413 /* Info.plist */,
			);
			path = TodayCheckIn;
			sourceTree = "<group>";
		};
		63332EBE23DFF6B2000D7E24 = {
			isa = PBXGroup;
			children = (
				3A2B61B324A89F24004E7413 /* TodayCheckInExtension.entitlements */,
				63332EC923DFF6B2000D7E24 /* ChipsBan */,
				3A2B619C24A895C5004E7413 /* TodayCheckIn */,
				3A2B619724A895C5004E7413 /* Frameworks */,
				63332EC823DFF6B2000D7E24 /* Products */,
			);
			sourceTree = "<group>";
		};
		63332EC823DFF6B2000D7E24 /* Products */ = {
			isa = PBXGroup;
			children = (
				63332EC723DFF6B2000D7E24 /* 杏吧签到.app */,
				3A2B619624A895C5004E7413 /* TodayCheckInExtension.appex */,
			);
			name = Products;
			sourceTree = "<group>";
		};
		63332EC923DFF6B2000D7E24 /* ChipsBan */ = {
			isa = PBXGroup;
			children = (
				3A2B61B224A89EF4004E7413 /* 杏吧签到.entitlements */,
				63B473E32487A81100D490D4 /* MD5 */,
				63332ECA23DFF6B2000D7E24 /* AppDelegate.swift */,
				63332ECC23DFF6B2000D7E24 /* SceneDelegate.swift */,
				63332ECE23DFF6B2000D7E24 /* ContentView.swift */,
				6337905A23E03EF1001A91D8 /* SettingView.swift */,
				6337905C23E045E2001A91D8 /* LeftRightView.swift */,
				63B473EF248F5F6900D490D4 /* HostsView.swift */,
				6337905E23E14E85001A91D8 /* InputView.swift */,
				63332EE123DFF726000D7E24 /* Ban.swift */,
				63AEBB4C24B1836900ADD82E /* SnapReward.swift */,
				63E87D6824013FA00037109E /* Host.swift */,
				3A2B61AA24A89A97004E7413 /* CoreData+App.swift */,
				63FE01EB24A0541B00E32599 /* Constant.swift */,
				63332EE323DFF8AE000D7E24 /* Ban.xcdatamodeld */,
				63332ED023DFF6B5000D7E24 /* Assets.xcassets */,
				63332ED523DFF6B5000D7E24 /* LaunchScreen.storyboard */,
				63332ED823DFF6B5000D7E24 /* Info.plist */,
				63332ED223DFF6B5000D7E24 /* Preview Content */,
			);
			path = ChipsBan;
			sourceTree = "<group>";
		};
		63332ED223DFF6B5000D7E24 /* Preview Content */ = {
			isa = PBXGroup;
			children = (
				63332ED323DFF6B5000D7E24 /* Preview Assets.xcassets */,
			);
			path = "Preview Content";
			sourceTree = "<group>";
		};
		63B473E32487A81100D490D4 /* MD5 */ = {
			isa = PBXGroup;
			children = (
				63B473E42487A82A00D490D4 /* PWMD5.swift */,
			);
			path = MD5;
			sourceTree = "<group>";
		};
/* End PBXGroup section */

/* Begin PBXNativeTarget section */
		3A2B619524A895C5004E7413 /* TodayCheckInExtension */ = {
			isa = PBXNativeTarget;
			buildConfigurationList = 3A2B61A824A895C6004E7413 /* Build configuration list for PBXNativeTarget "TodayCheckInExtension" */;
			buildPhases = (
				3A2B619224A895C5004E7413 /* Sources */,
				3A2B619324A895C5004E7413 /* Frameworks */,
				3A2B619424A895C5004E7413 /* Resources */,
			);
			buildRules = (
			);
			dependencies = (
			);
			name = TodayCheckInExtension;
			packageProductDependencies = (
				3A2B61B024A89BDC004E7413 /* SwiftSoup */,
			);
			productName = TodayCheckInExtension;
			productReference = 3A2B619624A895C5004E7413 /* TodayCheckInExtension.appex */;
			productType = "com.apple.product-type.app-extension";
		};
		63332EC623DFF6B2000D7E24 /* ChipsBan */ = {
			isa = PBXNativeTarget;
			buildConfigurationList = 63332EDB23DFF6B5000D7E24 /* Build configuration list for PBXNativeTarget "ChipsBan" */;
			buildPhases = (
				63332EC323DFF6B2000D7E24 /* Sources */,
				63332EC423DFF6B2000D7E24 /* Frameworks */,
				63332EC523DFF6B2000D7E24 /* Resources */,
				3A2B61A524A895C6004E7413 /* Embed App Extensions */,
			);
			buildRules = (
			);
			dependencies = (
				3A2B61A324A895C6004E7413 /* PBXTargetDependency */,
			);
			name = ChipsBan;
			packageProductDependencies = (
				63332EDF23DFF706000D7E24 /* SwiftSoup */,
			);
			productName = ChipsBan;
			productReference = 63332EC723DFF6B2000D7E24 /* 杏吧签到.app */;
			productType = "com.apple.product-type.application";
		};
/* End PBXNativeTarget section */

/* Begin PBXProject section */
		63332EBF23DFF6B2000D7E24 /* Project object */ = {
			isa = PBXProject;
			attributes = {
				LastSwiftUpdateCheck = 1200;
				LastUpgradeCheck = 1200;
				ORGANIZATIONNAME = JohnConner;
				TargetAttributes = {
					3A2B619524A895C5004E7413 = {
						CreatedOnToolsVersion = 12.0;
					};
					63332EC623DFF6B2000D7E24 = {
						CreatedOnToolsVersion = 11.3.1;
					};
				};
			};
			buildConfigurationList = 63332EC223DFF6B2000D7E24 /* Build configuration list for PBXProject "ChipsBan" */;
			compatibilityVersion = "Xcode 9.3";
			developmentRegion = en;
			hasScannedForEncodings = 0;
			knownRegions = (
				en,
				Base,
			);
			mainGroup = 63332EBE23DFF6B2000D7E24;
			packageReferences = (
				63332EDE23DFF706000D7E24 /* XCRemoteSwiftPackageReference "SwiftSoup" */,
			);
			productRefGroup = 63332EC823DFF6B2000D7E24 /* Products */;
			projectDirPath = "";
			projectRoot = "";
			targets = (
				63332EC623DFF6B2000D7E24 /* ChipsBan */,
				3A2B619524A895C5004E7413 /* TodayCheckInExtension */,
			);
		};
/* End PBXProject section */

/* Begin PBXResourcesBuildPhase section */
		3A2B619424A895C5004E7413 /* Resources */ = {
			isa = PBXResourcesBuildPhase;
			buildActionMask = 2147483647;
			files = (
				3A2B61A024A895C6004E7413 /* Assets.xcassets in Resources */,
			);
			runOnlyForDeploymentPostprocessing = 0;
		};
		63332EC523DFF6B2000D7E24 /* Resources */ = {
			isa = PBXResourcesBuildPhase;
			buildActionMask = 2147483647;
			files = (
				63332ED723DFF6B5000D7E24 /* LaunchScreen.storyboard in Resources */,
				63332ED423DFF6B5000D7E24 /* Preview Assets.xcassets in Resources */,
				63332ED123DFF6B5000D7E24 /* Assets.xcassets in Resources */,
			);
			runOnlyForDeploymentPostprocessing = 0;
		};
/* End PBXResourcesBuildPhase section */

/* Begin PBXSourcesBuildPhase section */
		3A2B619224A895C5004E7413 /* Sources */ = {
			isa = PBXSourcesBuildPhase;
			buildActionMask = 2147483647;
			files = (
				3A2B61AD24A89AE3004E7413 /* CoreData+App.swift in Sources */,
				3A2B619E24A895C5004E7413 /* TodayCheckIn.swift in Sources */,
				636C94032544141C000C5BC2 /* SnapReward.swift in Sources */,
				3A2B61AE24A89B34004E7413 /* Constant.swift in Sources */,
				3A2B61AF24A89BAB004E7413 /* Host.swift in Sources */,
				3A2B61A924A897CA004E7413 /* Ban.swift in Sources */,
				3A2B61AC24A89AE0004E7413 /* Ban.xcdatamodeld in Sources */,
			);
			runOnlyForDeploymentPostprocessing = 0;
		};
		63332EC323DFF6B2000D7E24 /* Sources */ = {
			isa = PBXSourcesBuildPhase;
			buildActionMask = 2147483647;
			files = (
				6337905D23E045E2001A91D8 /* LeftRightView.swift in Sources */,
				63332ECB23DFF6B2000D7E24 /* AppDelegate.swift in Sources */,
				63332EE223DFF726000D7E24 /* Ban.swift in Sources */,
				63332ECD23DFF6B2000D7E24 /* SceneDelegate.swift in Sources */,
				6337905B23E03EF1001A91D8 /* SettingView.swift in Sources */,
				63B473E52487A82A00D490D4 /* PWMD5.swift in Sources */,
				63AEBB4D24B1836900ADD82E /* SnapReward.swift in Sources */,
				3A2B61AB24A89A97004E7413 /* CoreData+App.swift in Sources */,
				6337905F23E14E85001A91D8 /* InputView.swift in Sources */,
				63B473F0248F5F6900D490D4 /* HostsView.swift in Sources */,
				63E87D6924013FA00037109E /* Host.swift in Sources */,
				63332ECF23DFF6B2000D7E24 /* ContentView.swift in Sources */,
				63332EE523DFF8AE000D7E24 /* Ban.xcdatamodeld in Sources */,
				63FE01EC24A0541B00E32599 /* Constant.swift in Sources */,
			);
			runOnlyForDeploymentPostprocessing = 0;
		};
/* End PBXSourcesBuildPhase section */

/* Begin PBXTargetDependency section */
		3A2B61A324A895C6004E7413 /* PBXTargetDependency */ = {
			isa = PBXTargetDependency;
			target = 3A2B619524A895C5004E7413 /* TodayCheckInExtension */;
			targetProxy = 3A2B61A224A895C6004E7413 /* PBXContainerItemProxy */;
		};
/* End PBXTargetDependency section */

/* Begin PBXVariantGroup section */
		63332ED523DFF6B5000D7E24 /* LaunchScreen.storyboard */ = {
			isa = PBXVariantGroup;
			children = (
				63332ED623DFF6B5000D7E24 /* Base */,
			);
			name = LaunchScreen.storyboard;
			sourceTree = "<group>";
		};
/* End PBXVariantGroup section */

/* Begin XCBuildConfiguration section */
		3A2B61A624A895C6004E7413 /* Debug */ = {
			isa = XCBuildConfiguration;
			buildSettings = {
				ASSETCATALOG_COMPILER_GLOBAL_ACCENT_COLOR_NAME = AccentColor;
				ASSETCATALOG_COMPILER_WIDGET_BACKGROUND_COLOR_NAME = WidgetBackground;
				CODE_SIGN_ENTITLEMENTS = TodayCheckInExtension.entitlements;
				CODE_SIGN_STYLE = Automatic;
				DEVELOPMENT_TEAM = E6NP67H473;
				INFOPLIST_FILE = TodayCheckIn/Info.plist;
				IPHONEOS_DEPLOYMENT_TARGET = 14.0;
				LD_RUNPATH_SEARCH_PATHS = (
					"$(inherited)",
					"@executable_path/Frameworks",
					"@executable_path/../../Frameworks",
				);
				PRODUCT_BUNDLE_IDENTIFIER = com.ascp.op.ChipsBan.TodayCheckIn;
				PRODUCT_NAME = "$(TARGET_NAME)";
				SKIP_INSTALL = YES;
				SWIFT_VERSION = 5.0;
				TARGETED_DEVICE_FAMILY = "1,2";
			};
			name = Debug;
		};
		3A2B61A724A895C6004E7413 /* Release */ = {
			isa = XCBuildConfiguration;
			buildSettings = {
				ASSETCATALOG_COMPILER_GLOBAL_ACCENT_COLOR_NAME = AccentColor;
				ASSETCATALOG_COMPILER_WIDGET_BACKGROUND_COLOR_NAME = WidgetBackground;
				CODE_SIGN_ENTITLEMENTS = TodayCheckInExtension.entitlements;
				CODE_SIGN_STYLE = Automatic;
				DEVELOPMENT_TEAM = E6NP67H473;
				INFOPLIST_FILE = TodayCheckIn/Info.plist;
				IPHONEOS_DEPLOYMENT_TARGET = 14.0;
				LD_RUNPATH_SEARCH_PATHS = (
					"$(inherited)",
					"@executable_path/Frameworks",
					"@executable_path/../../Frameworks",
				);
				PRODUCT_BUNDLE_IDENTIFIER = com.ascp.op.ChipsBan.TodayCheckIn;
				PRODUCT_NAME = "$(TARGET_NAME)";
				SKIP_INSTALL = YES;
				SWIFT_VERSION = 5.0;
				TARGETED_DEVICE_FAMILY = "1,2";
			};
			name = Release;
		};
		63332ED923DFF6B5000D7E24 /* Debug */ = {
			isa = XCBuildConfiguration;
			buildSettings = {
				ALWAYS_SEARCH_USER_PATHS = NO;
				CLANG_ANALYZER_NONNULL = YES;
				CLANG_ANALYZER_NUMBER_OBJECT_CONVERSION = YES_AGGRESSIVE;
				CLANG_CXX_LANGUAGE_STANDARD = "gnu++14";
				CLANG_CXX_LIBRARY = "libc++";
				CLANG_ENABLE_MODULES = YES;
				CLANG_ENABLE_OBJC_ARC = YES;
				CLANG_ENABLE_OBJC_WEAK = YES;
				CLANG_WARN_BLOCK_CAPTURE_AUTORELEASING = YES;
				CLANG_WARN_BOOL_CONVERSION = YES;
				CLANG_WARN_COMMA = YES;
				CLANG_WARN_CONSTANT_CONVERSION = YES;
				CLANG_WARN_DEPRECATED_OBJC_IMPLEMENTATIONS = YES;
				CLANG_WARN_DIRECT_OBJC_ISA_USAGE = YES_ERROR;
				CLANG_WARN_DOCUMENTATION_COMMENTS = YES;
				CLANG_WARN_EMPTY_BODY = YES;
				CLANG_WARN_ENUM_CONVERSION = YES;
				CLANG_WARN_INFINITE_RECURSION = YES;
				CLANG_WARN_INT_CONVERSION = YES;
				CLANG_WARN_NON_LITERAL_NULL_CONVERSION = YES;
				CLANG_WARN_OBJC_IMPLICIT_RETAIN_SELF = YES;
				CLANG_WARN_OBJC_LITERAL_CONVERSION = YES;
				CLANG_WARN_OBJC_ROOT_CLASS = YES_ERROR;
				CLANG_WARN_QUOTED_INCLUDE_IN_FRAMEWORK_HEADER = YES;
				CLANG_WARN_RANGE_LOOP_ANALYSIS = YES;
				CLANG_WARN_STRICT_PROTOTYPES = YES;
				CLANG_WARN_SUSPICIOUS_MOVE = YES;
				CLANG_WARN_UNGUARDED_AVAILABILITY = YES_AGGRESSIVE;
				CLANG_WARN_UNREACHABLE_CODE = YES;
				CLANG_WARN__DUPLICATE_METHOD_MATCH = YES;
				COPY_PHASE_STRIP = NO;
				DEBUG_INFORMATION_FORMAT = dwarf;
				ENABLE_STRICT_OBJC_MSGSEND = YES;
				ENABLE_TESTABILITY = YES;
				GCC_C_LANGUAGE_STANDARD = gnu11;
				GCC_DYNAMIC_NO_PIC = NO;
				GCC_NO_COMMON_BLOCKS = YES;
				GCC_OPTIMIZATION_LEVEL = 0;
				GCC_PREPROCESSOR_DEFINITIONS = (
					"DEBUG=1",
					"$(inherited)",
				);
				GCC_WARN_64_TO_32_BIT_CONVERSION = YES;
				GCC_WARN_ABOUT_RETURN_TYPE = YES_ERROR;
				GCC_WARN_UNDECLARED_SELECTOR = YES;
				GCC_WARN_UNINITIALIZED_AUTOS = YES_AGGRESSIVE;
				GCC_WARN_UNUSED_FUNCTION = YES;
				GCC_WARN_UNUSED_VARIABLE = YES;
				IPHONEOS_DEPLOYMENT_TARGET = 13.2;
				MTL_ENABLE_DEBUG_INFO = INCLUDE_SOURCE;
				MTL_FAST_MATH = YES;
				ONLY_ACTIVE_ARCH = YES;
				SDKROOT = iphoneos;
				SWIFT_ACTIVE_COMPILATION_CONDITIONS = DEBUG;
				SWIFT_OPTIMIZATION_LEVEL = "-Onone";
			};
			name = Debug;
		};
		63332EDA23DFF6B5000D7E24 /* Release */ = {
			isa = XCBuildConfiguration;
			buildSettings = {
				ALWAYS_SEARCH_USER_PATHS = NO;
				CLANG_ANALYZER_NONNULL = YES;
				CLANG_ANALYZER_NUMBER_OBJECT_CONVERSION = YES_AGGRESSIVE;
				CLANG_CXX_LANGUAGE_STANDARD = "gnu++14";
				CLANG_CXX_LIBRARY = "libc++";
				CLANG_ENABLE_MODULES = YES;
				CLANG_ENABLE_OBJC_ARC = YES;
				CLANG_ENABLE_OBJC_WEAK = YES;
				CLANG_WARN_BLOCK_CAPTURE_AUTORELEASING = YES;
				CLANG_WARN_BOOL_CONVERSION = YES;
				CLANG_WARN_COMMA = YES;
				CLANG_WARN_CONSTANT_CONVERSION = YES;
				CLANG_WARN_DEPRECATED_OBJC_IMPLEMENTATIONS = YES;
				CLANG_WARN_DIRECT_OBJC_ISA_USAGE = YES_ERROR;
				CLANG_WARN_DOCUMENTATION_COMMENTS = YES;
				CLANG_WARN_EMPTY_BODY = YES;
				CLANG_WARN_ENUM_CONVERSION = YES;
				CLANG_WARN_INFINITE_RECURSION = YES;
				CLANG_WARN_INT_CONVERSION = YES;
				CLANG_WARN_NON_LITERAL_NULL_CONVERSION = YES;
				CLANG_WARN_OBJC_IMPLICIT_RETAIN_SELF = YES;
				CLANG_WARN_OBJC_LITERAL_CONVERSION = YES;
				CLANG_WARN_OBJC_ROOT_CLASS = YES_ERROR;
				CLANG_WARN_QUOTED_INCLUDE_IN_FRAMEWORK_HEADER = YES;
				CLANG_WARN_RANGE_LOOP_ANALYSIS = YES;
				CLANG_WARN_STRICT_PROTOTYPES = YES;
				CLANG_WARN_SUSPICIOUS_MOVE = YES;
				CLANG_WARN_UNGUARDED_AVAILABILITY = YES_AGGRESSIVE;
				CLANG_WARN_UNREACHABLE_CODE = YES;
				CLANG_WARN__DUPLICATE_METHOD_MATCH = YES;
				COPY_PHASE_STRIP = NO;
				DEBUG_INFORMATION_FORMAT = "dwarf-with-dsym";
				ENABLE_NS_ASSERTIONS = NO;
				ENABLE_STRICT_OBJC_MSGSEND = YES;
				GCC_C_LANGUAGE_STANDARD = gnu11;
				GCC_NO_COMMON_BLOCKS = YES;
				GCC_WARN_64_TO_32_BIT_CONVERSION = YES;
				GCC_WARN_ABOUT_RETURN_TYPE = YES_ERROR;
				GCC_WARN_UNDECLARED_SELECTOR = YES;
				GCC_WARN_UNINITIALIZED_AUTOS = YES_AGGRESSIVE;
				GCC_WARN_UNUSED_FUNCTION = YES;
				GCC_WARN_UNUSED_VARIABLE = YES;
				IPHONEOS_DEPLOYMENT_TARGET = 13.2;
				MTL_ENABLE_DEBUG_INFO = NO;
				MTL_FAST_MATH = YES;
				SDKROOT = iphoneos;
				SWIFT_COMPILATION_MODE = wholemodule;
				SWIFT_OPTIMIZATION_LEVEL = "-O";
				VALIDATE_PRODUCT = YES;
			};
			name = Release;
		};
		63332EDC23DFF6B5000D7E24 /* Debug */ = {
			isa = XCBuildConfiguration;
			buildSettings = {
				ALWAYS_EMBED_SWIFT_STANDARD_LIBRARIES = YES;
				ASSETCATALOG_COMPILER_APPICON_NAME = AppIcon;
				CODE_SIGN_ENTITLEMENTS = "ChipsBan/杏吧签到.entitlements";
				CODE_SIGN_STYLE = Automatic;
				DEVELOPMENT_ASSET_PATHS = "\"ChipsBan/Preview Content\"";
				DEVELOPMENT_TEAM = E6NP67H473;
				ENABLE_PREVIEWS = YES;
				INFOPLIST_FILE = ChipsBan/Info.plist;
				LD_RUNPATH_SEARCH_PATHS = (
					"$(inherited)",
					"@executable_path/Frameworks",
				);
				PRODUCT_BUNDLE_IDENTIFIER = com.ascp.op.ChipsBan;
				PRODUCT_NAME = "杏吧签到";
				SWIFT_VERSION = 5.0;
				TARGETED_DEVICE_FAMILY = "1,2";
			};
			name = Debug;
		};
		63332EDD23DFF6B5000D7E24 /* Release */ = {
			isa = XCBuildConfiguration;
			buildSettings = {
				ALWAYS_EMBED_SWIFT_STANDARD_LIBRARIES = YES;
				ASSETCATALOG_COMPILER_APPICON_NAME = AppIcon;
				CODE_SIGN_ENTITLEMENTS = "ChipsBan/杏吧签到.entitlements";
				CODE_SIGN_STYLE = Automatic;
				DEVELOPMENT_ASSET_PATHS = "\"ChipsBan/Preview Content\"";
				DEVELOPMENT_TEAM = E6NP67H473;
				ENABLE_PREVIEWS = YES;
				INFOPLIST_FILE = ChipsBan/Info.plist;
				LD_RUNPATH_SEARCH_PATHS = (
					"$(inherited)",
					"@executable_path/Frameworks",
				);
				PRODUCT_BUNDLE_IDENTIFIER = com.ascp.op.ChipsBan;
				PRODUCT_NAME = "杏吧签到";
				SWIFT_VERSION = 5.0;
				TARGETED_DEVICE_FAMILY = "1,2";
			};
			name = Release;
		};
/* End XCBuildConfiguration section */

/* Begin XCConfigurationList section */
		3A2B61A824A895C6004E7413 /* Build configuration list for PBXNativeTarget "TodayCheckInExtension" */ = {
			isa = XCConfigurationList;
			buildConfigurations = (
				3A2B61A624A895C6004E7413 /* Debug */,
				3A2B61A724A895C6004E7413 /* Release */,
			);
			defaultConfigurationIsVisible = 0;
			defaultConfigurationName = Release;
		};
		63332EC223DFF6B2000D7E24 /* Build configuration list for PBXProject "ChipsBan" */ = {
			isa = XCConfigurationList;
			buildConfigurations = (
				63332ED923DFF6B5000D7E24 /* Debug */,
				63332EDA23DFF6B5000D7E24 /* Release */,
			);
			defaultConfigurationIsVisible = 0;
			defaultConfigurationName = Release;
		};
		63332EDB23DFF6B5000D7E24 /* Build configuration list for PBXNativeTarget "ChipsBan" */ = {
			isa = XCConfigurationList;
			buildConfigurations = (
				63332EDC23DFF6B5000D7E24 /* Debug */,
				63332EDD23DFF6B5000D7E24 /* Release */,
			);
			defaultConfigurationIsVisible = 0;
			defaultConfigurationName = Release;
		};
/* End XCConfigurationList section */

/* Begin XCRemoteSwiftPackageReference section */
		63332EDE23DFF706000D7E24 /* XCRemoteSwiftPackageReference "SwiftSoup" */ = {
			isa = XCRemoteSwiftPackageReference;
			repositoryURL = "https://github.com/scinfu/SwiftSoup.git";
			requirement = {
				kind = upToNextMajorVersion;
				minimumVersion = 2.3.0;
			};
		};
/* End XCRemoteSwiftPackageReference section */

/* Begin XCSwiftPackageProductDependency section */
		3A2B61B024A89BDC004E7413 /* SwiftSoup */ = {
			isa = XCSwiftPackageProductDependency;
			package = 63332EDE23DFF706000D7E24 /* XCRemoteSwiftPackageReference "SwiftSoup" */;
			productName = SwiftSoup;
		};
		63332EDF23DFF706000D7E24 /* SwiftSoup */ = {
			isa = XCSwiftPackageProductDependency;
			package = 63332EDE23DFF706000D7E24 /* XCRemoteSwiftPackageReference "SwiftSoup" */;
			productName = SwiftSoup;
		};
/* End XCSwiftPackageProductDependency section */

/* Begin XCVersionGroup section */
		63332EE323DFF8AE000D7E24 /* Ban.xcdatamodeld */ = {
			isa = XCVersionGroup;
			children = (
				63AEBB4B24B182BC00ADD82E /* Ban-Reward.xcdatamodel */,
				63332EE423DFF8AE000D7E24 /* Ban.xcdatamodel */,
			);
			currentVersion = 63AEBB4B24B182BC00ADD82E /* Ban-Reward.xcdatamodel */;
			path = Ban.xcdatamodeld;
			sourceTree = "<group>";
			versionGroupType = wrapper.xcdatamodel;
		};
/* End XCVersionGroup section */
	};
	rootObject = 63332EBF23DFF6B2000D7E24 /* Project object */;
}
